# Generated by pub
# See https://dart.dev/tools/pub/glossary#lockfile
packages:
  _core:
    dependency: "direct main"
    description:
      path: "../../../../shared/all/core"
      relative: true
    source: path
    version: "0.0.0"
  _location_use_cases:
    dependency: "direct main"
    description:
      path: "../.."
      relative: true
    source: path
    version: "0.0.0"
  async:
    dependency: transitive
    description:
      name: async
      url: "https://pub.dartlang.org"
    source: hosted
    version: "2.9.0"
  clock:
    dependency: transitive
    description:
      name: clock
      url: "https://pub.dartlang.org"
    source: hosted
    version: "1.1.0"
  collection:
    dependency: transitive
    description:
      name: collection
      url: "https://pub.dartlang.org"
    source: hosted
    version: "1.15.0"
  either_dart:
    dependency: transitive
    description:
      name: either_dart
      url: "https://pub.dartlang.org"
    source: hosted
    version: "0.1.4"
  flutter_lints:
    dependency: "direct dev"
    description:
      name: flutter_lints
      url: "https://pub.dartlang.org"
    source: hosted
    version: "1.0.4"
  get_it:
    dependency: transitive
    description:
      name: get_it
      url: "https://pub.dartlang.org"
    source: hosted
    version: "7.2.0"
  intl:
    dependency: transitive
    description:
      name: intl
      url: "https://pub.dartlang.org"
    source: hosted
    version: "0.17.0"
  latlong2:
    dependency: transitive
    description:
      name: latlong2
      url: "https://pub.dartlang.org"
    source: hosted
    version: "0.8.1"
  lints:
    dependency: transitive
    description:
      name: lints
      url: "https://pub.dartlang.org"
    source: hosted
    version: "1.0.1"
  meta:
    dependency: transitive
    description:
      name: meta
      url: "https://pub.dartlang.org"
    source: hosted
    version: "1.7.0"
  path:
    dependency: transitive
    description:
      name: path
      url: "https://pub.dartlang.org"
    source: hosted
    version: "1.8.2"
sdks:
  dart: ">=2.16.2 <3.0.0"
